{
  "name": "drum-chart",
  "lockfileVersion": 3,
  "requires": true,
  "packages": {
    "": {
      "dependencies": {
        "abcjs": "^6.4.2"
      }
    },
    "node_modules/abcjs": {
      "version": "6.4.2",
      "resolved": "https://registry.npmjs.org/abcjs/-/abcjs-6.4.2.tgz",
      "integrity": "sha512-NuupFWAQ4kZTlFaC5ubunsr95mzIYXau5wafFjAj9bdD5GZhuTeXuXAYYIOrfFxFge/6YxYB96pU7e/rIRjlIw==",
      "license": "MIT",
      "funding": {
        "type": "github",
        "url": "https://github.com/sponsors/paulrosen"
      }
    }
  }
}
